
Microsoft Visual Studio Solution File, Format Version 12.00
# Visual Studio 15
VisualStudioVersion = 15.0.27130.2020
MinimumVisualStudioVersion = 10.0.40219.1
Project("{9A19103F-16F7-4668-BE54-9A1E7A4F7556}") = "Publicidadedigital.Models", "Publicidadedigital.Models\Publicidadedigital.Models.csproj", "{CD1DFEE0-B134-4293-8551-9E8D61EE24E7}"
EndProject
Project("{9A19103F-16F7-4668-BE54-9A1E7A4F7556}") = "PublicidadeDigital.Interfaces", "PublicidadeDigital.Interfaces\PublicidadeDigital.Interfaces.csproj", "{5161D5E2-3271-4693-AC5E-0D69E4B52D7B}"
EndProject
Project("{9A19103F-16F7-4668-BE54-9A1E7A4F7556}") = "PublicidadeDigital.Infrastructure", "PublicidadeDigital.Infrastructure\PublicidadeDigital.Infrastructure.csproj", "{7427550B-B952-4086-9755-E8A187DFEF4F}"
EndProject
Project("{FAE04EC0-301F-11D3-BF4B-00C04F79EFBC}") = "PublicidadeDigital.API", "PublicidadeDigital.API\PublicidadeDigital.API.csproj", "{3B8495CF-F14B-4BE6-BB3C-28AE3759D4FB}"
EndProject
Global
	GlobalSection(SolutionConfigurationPlatforms) = preSolution
		Debug|Any CPU = Debug|Any CPU
		Release|Any CPU = Release|Any CPU
	EndGlobalSection
	GlobalSection(ProjectConfigurationPlatforms) = postSolution
		{CD1DFEE0-B134-4293-8551-9E8D61EE24E7}.Debug|Any CPU.ActiveCfg = Debug|Any CPU
		{CD1DFEE0-B134-4293-8551-9E8D61EE24E7}.Debug|Any CPU.Build.0 = Debug|Any CPU
		{CD1DFEE0-B134-4293-8551-9E8D61EE24E7}.Release|Any CPU.ActiveCfg = Release|Any CPU
		{CD1DFEE0-B134-4293-8551-9E8D61EE24E7}.Release|Any CPU.Build.0 = Release|Any CPU
		{5161D5E2-3271-4693-AC5E-0D69E4B52D7B}.Debug|Any CPU.ActiveCfg = Debug|Any CPU
		{5161D5E2-3271-4693-AC5E-0D69E4B52D7B}.Debug|Any CPU.Build.0 = Debug|Any CPU
		{5161D5E2-3271-4693-AC5E-0D69E4B52D7B}.Release|Any CPU.ActiveCfg = Release|Any CPU
		{5161D5E2-3271-4693-AC5E-0D69E4B52D7B}.Release|Any CPU.Build.0 = Release|Any CPU
		{7427550B-B952-4086-9755-E8A187DFEF4F}.Debug|Any CPU.ActiveCfg = Debug|Any CPU
		{7427550B-B952-4086-9755-E8A187DFEF4F}.Debug|Any CPU.Build.0 = Debug|Any CPU
		{7427550B-B952-4086-9755-E8A187DFEF4F}.Release|Any CPU.ActiveCfg = Release|Any CPU
		{7427550B-B952-4086-9755-E8A187DFEF4F}.Release|Any CPU.Build.0 = Release|Any CPU
		{3B8495CF-F14B-4BE6-BB3C-28AE3759D4FB}.Debug|Any CPU.ActiveCfg = Debug|Any CPU
		{3B8495CF-F14B-4BE6-BB3C-28AE3759D4FB}.Debug|Any CPU.Build.0 = Debug|Any CPU
		{3B8495CF-F14B-4BE6-BB3C-28AE3759D4FB}.Release|Any CPU.ActiveCfg = Release|Any CPU
		{3B8495CF-F14B-4BE6-BB3C-28AE3759D4FB}.Release|Any CPU.Build.0 = Release|Any CPU
	EndGlobalSection
	GlobalSection(SolutionProperties) = preSolution
		HideSolutionNode = FALSE
	EndGlobalSection
	GlobalSection(ExtensibilityGlobals) = postSolution
		SolutionGuid = {74E930B4-A2D2-45D8-90F4-357F9FBCF612}
	EndGlobalSection
EndGlobal
